
Microsoft Visual Studio Solution File, Format Version 12.00
# Visual Studio 15
VisualStudioVersion = 15.0.27703.2000
MinimumVisualStudioVersion = 10.0.40219.1
Project("{FAE04EC0-301F-11D3-BF4B-00C04F79EFBC}") = "IdentityServer4TestServer", "IdentityServer4TestServer\IdentityServer4TestServer.csproj", "{D5DE0408-7C5E-46BF-83BB-5E8BC794DBF7}"
EndProject
Project("{FAE04EC0-301F-11D3-BF4B-00C04F79EFBC}") = "IdentityServer4TestServer.IntegrationTests", "IdentityServer4TestServer.IntegrationTests\IdentityServer4TestServer.IntegrationTests.csproj", "{309008F8-14DA-4BC0-9CE6-5D0462C961BC}"
EndProject
Global
	GlobalSection(SolutionConfigurationPlatforms) = preSolution
		Debug|Any CPU = Debug|Any CPU
		Release|Any CPU = Release|Any CPU
	EndGlobalSection
	GlobalSection(ProjectConfigurationPlatforms) = postSolution
		{D5DE0408-7C5E-46BF-83BB-5E8BC794DBF7}.Debug|Any CPU.ActiveCfg = Debug|Any CPU
		{D5DE0408-7C5E-46BF-83BB-5E8BC794DBF7}.Debug|Any CPU.Build.0 = Debug|Any CPU
		{D5DE0408-7C5E-46BF-83BB-5E8BC794DBF7}.Release|Any CPU.ActiveCfg = Release|Any CPU
		{D5DE0408-7C5E-46BF-83BB-5E8BC794DBF7}.Release|Any CPU.Build.0 = Release|Any CPU
		{309008F8-14DA-4BC0-9CE6-5D0462C961BC}.Debug|Any CPU.ActiveCfg = Debug|Any CPU
		{309008F8-14DA-4BC0-9CE6-5D0462C961BC}.Debug|Any CPU.Build.0 = Debug|Any CPU
		{309008F8-14DA-4BC0-9CE6-5D0462C961BC}.Release|Any CPU.ActiveCfg = Release|Any CPU
		{309008F8-14DA-4BC0-9CE6-5D0462C961BC}.Release|Any CPU.Build.0 = Release|Any CPU
	EndGlobalSection
	GlobalSection(SolutionProperties) = preSolution
		HideSolutionNode = FALSE
	EndGlobalSection
	GlobalSection(ExtensibilityGlobals) = postSolution
		SolutionGuid = {FCB7D632-3187-418B-91E2-4CF23E337C5B}
	EndGlobalSection
EndGlobal
